// !$*UTF8*$!
{
	archiveVersion = 1;
	classes = {
	};
	objectVersion = 77;
	objects = {

/* Begin PBXBuildFile section */
		FD10A5A72D9B50FE00AA9897 /* SkeletonView in Frameworks */ = {isa = PBXBuildFile; productRef = FD10A5A62D9B50FE00AA9897 /* SkeletonView */; };
		FDA1B35D2D8B0C03008DCE7A /* FirebaseDatabase in Frameworks */ = {isa = PBXBuildFile; productRef = FDA1B35C2D8B0C03008DCE7A /* FirebaseDatabase */; };
		FDD3BF3D2D68C66A0073C3B3 /* FirebaseAnalytics in Frameworks */ = {isa = PBXBuildFile; productRef = FDD3BF3C2D68C66A0073C3B3 /* FirebaseAnalytics */; };
		FDD3BF3F2D68C66A0073C3B3 /* FirebaseAuth in Frameworks */ = {isa = PBXBuildFile; productRef = FDD3BF3E2D68C66A0073C3B3 /* FirebaseAuth */; };
		FDD3BF412D68C66A0073C3B3 /* FirebaseCore in Frameworks */ = {isa = PBXBuildFile; productRef = FDD3BF402D68C66A0073C3B3 /* FirebaseCore */; };
		FDD3BF432D68C66A0073C3B3 /* FirebaseFirestore in Frameworks */ = {isa = PBXBuildFile; productRef = FDD3BF422D68C66A0073C3B3 /* FirebaseFirestore */; };
		FDD3BF452D68C66A0073C3B3 /* FirebaseStorage in Frameworks */ = {isa = PBXBuildFile; productRef = FDD3BF442D68C66A0073C3B3 /* FirebaseStorage */; };
/* End PBXBuildFile section */

/* Begin PBXFileReference section */
		FDDA0A452CD7F16700B90453 /* cinematch.app */ = {isa = PBXFileReference; explicitFileType = wrapper.application; includeInIndex = 0; path = cinematch.app; sourceTree = BUILT_PRODUCTS_DIR; };
/* End PBXFileReference section */

/* Begin PBXFileSystemSynchronizedBuildFileExceptionSet section */
		FDD3BF382D68BA7F0073C3B3 /* Exceptions for "cinematch" folder in "cinematch" target */ = {
			isa = PBXFileSystemSynchronizedBuildFileExceptionSet;
			membershipExceptions = (
				Resources/Info.plist,
			);
			target = FDDA0A442CD7F16700B90453 /* cinematch */;
		};
/* End PBXFileSystemSynchronizedBuildFileExceptionSet section */

/* Begin PBXFileSystemSynchronizedRootGroup section */
		FDDA0A472CD7F16700B90453 /* cinematch */ = {
			isa = PBXFileSystemSynchronizedRootGroup;
			exceptions = (
				FDD3BF382D68BA7F0073C3B3 /* Exceptions for "cinematch" folder in "cinematch" target */,
			);
			path = cinematch;
			sourceTree = "<group>";
		};
/* End PBXFileSystemSynchronizedRootGroup section */

/* Begin PBXFrameworksBuildPhase section */
		FDDA0A422CD7F16700B90453 /* Frameworks */ = {
			isa = PBXFrameworksBuildPhase;
			buildActionMask = 2147483647;
			files = (
				FDA1B35D2D8B0C03008DCE7A /* FirebaseDatabase in Frameworks */,
				FD10A5A72D9B50FE00AA9897 /* SkeletonView in Frameworks */,
				FDD3BF3D2D68C66A0073C3B3 /* FirebaseAnalytics in Frameworks */,
				FDD3BF432D68C66A0073C3B3 /* FirebaseFirestore in Frameworks */,
				FDD3BF412D68C66A0073C3B3 /* FirebaseCore in Frameworks */,
				FDD3BF452D68C66A0073C3B3 /* FirebaseStorage in Frameworks */,
				FDD3BF3F2D68C66A0073C3B3 /* FirebaseAuth in Frameworks */,
			);
			runOnlyForDeploymentPostprocessing = 0;
		};
/* End PBXFrameworksBuildPhase section */

/* Begin PBXGroup section */
		FDA1B35B2D8B0C03008DCE7A /* Frameworks */ = {
			isa = PBXGroup;
			children = (
			);
			name = Frameworks;
			sourceTree = "<group>";
		};
		FDDA0A3C2CD7F16700B90453 = {
			isa = PBXGroup;
			children = (
				FDDA0A472CD7F16700B90453 /* cinematch */,
				FDA1B35B2D8B0C03008DCE7A /* Frameworks */,
				FDDA0A462CD7F16700B90453 /* Products */,
			);
			sourceTree = "<group>";
		};
		FDDA0A462CD7F16700B90453 /* Products */ = {
			isa = PBXGroup;
			children = (
				FDDA0A452CD7F16700B90453 /* cinematch.app */,
			);
			name = Products;
			sourceTree = "<group>";
		};
/* End PBXGroup section */

/* Begin PBXNativeTarget section */
		FDDA0A442CD7F16700B90453 /* cinematch */ = {
			isa = PBXNativeTarget;
			buildConfigurationList = FDDA0A532CD7F16900B90453 /* Build configuration list for PBXNativeTarget "cinematch" */;
			buildPhases = (
				FDDA0A412CD7F16700B90453 /* Sources */,
				FDDA0A422CD7F16700B90453 /* Frameworks */,
				FDDA0A432CD7F16700B90453 /* Resources */,
			);
			buildRules = (
			);
			dependencies = (
			);
			fileSystemSynchronizedGroups = (
				FDDA0A472CD7F16700B90453 /* cinematch */,
			);
			name = cinematch;
			packageProductDependencies = (
				FDD3BF3C2D68C66A0073C3B3 /* FirebaseAnalytics */,
				FDD3BF3E2D68C66A0073C3B3 /* FirebaseAuth */,
				FDD3BF402D68C66A0073C3B3 /* FirebaseCore */,
				FDD3BF422D68C66A0073C3B3 /* FirebaseFirestore */,
				FDD3BF442D68C66A0073C3B3 /* FirebaseStorage */,
				FDA1B35C2D8B0C03008DCE7A /* FirebaseDatabase */,
				FD10A5A62D9B50FE00AA9897 /* SkeletonView */,
			);
			productName = animatch;
			productReference = FDDA0A452CD7F16700B90453 /* cinematch.app */;
			productType = "com.apple.product-type.application";
		};
/* End PBXNativeTarget section */

/* Begin PBXProject section */
		FDDA0A3D2CD7F16700B90453 /* Project object */ = {
			isa = PBXProject;
			attributes = {
				BuildIndependentTargetsInParallel = 1;
				LastSwiftUpdateCheck = 1600;
				LastUpgradeCheck = 1600;
				TargetAttributes = {
					FDDA0A442CD7F16700B90453 = {
						CreatedOnToolsVersion = 16.0;
					};
				};
			};
			buildConfigurationList = FDDA0A402CD7F16700B90453 /* Build configuration list for PBXProject "cinematch" */;
			developmentRegion = en;
			hasScannedForEncodings = 0;
			knownRegions = (
				en,
				Base,
			);
			mainGroup = FDDA0A3C2CD7F16700B90453;
			minimizedProjectReferenceProxies = 1;
			packageReferences = (
				FDD3BF3B2D68C66A0073C3B3 /* XCRemoteSwiftPackageReference "firebase-ios-sdk" */,
				FD10A5A52D9B50FE00AA9897 /* XCRemoteSwiftPackageReference "SkeletonView" */,
			);
			preferredProjectObjectVersion = 77;
			productRefGroup = FDDA0A462CD7F16700B90453 /* Products */;
			projectDirPath = "";
			projectRoot = "";
			targets = (
				FDDA0A442CD7F16700B90453 /* cinematch */,
			);
		};
/* End PBXProject section */

/* Begin PBXResourcesBuildPhase section */
		FDDA0A432CD7F16700B90453 /* Resources */ = {
			isa = PBXResourcesBuildPhase;
			buildActionMask = 2147483647;
			files = (
			);
			runOnlyForDeploymentPostprocessing = 0;
		};
/* End PBXResourcesBuildPhase section */

/* Begin PBXSourcesBuildPhase section */
		FDDA0A412CD7F16700B90453 /* Sources */ = {
			isa = PBXSourcesBuildPhase;
			buildActionMask = 2147483647;
			files = (
			);
			runOnlyForDeploymentPostprocessing = 0;
		};
/* End PBXSourcesBuildPhase section */

/* Begin XCBuildConfiguration section */
		FDDA0A512CD7F16900B90453 /* Debug */ = {
			isa = XCBuildConfiguration;
			buildSettings = {
				ALWAYS_SEARCH_USER_PATHS = NO;
				ASSETCATALOG_COMPILER_GENERATE_SWIFT_ASSET_SYMBOL_EXTENSIONS = YES;
				CLANG_ANALYZER_NONNULL = YES;
				CLANG_ANALYZER_NUMBER_OBJECT_CONVERSION = YES_AGGRESSIVE;
				CLANG_CXX_LANGUAGE_STANDARD = "gnu++20";
				CLANG_ENABLE_MODULES = YES;
				CLANG_ENABLE_OBJC_ARC = YES;
				CLANG_ENABLE_OBJC_WEAK = YES;
				CLANG_WARN_BLOCK_CAPTURE_AUTORELEASING = YES;
				CLANG_WARN_BOOL_CONVERSION = YES;
				CLANG_WARN_COMMA = YES;
				CLANG_WARN_CONSTANT_CONVERSION = YES;
				CLANG_WARN_DEPRECATED_OBJC_IMPLEMENTATIONS = YES;
				CLANG_WARN_DIRECT_OBJC_ISA_USAGE = YES_ERROR;
				CLANG_WARN_DOCUMENTATION_COMMENTS = YES;
				CLANG_WARN_EMPTY_BODY = YES;
				CLANG_WARN_ENUM_CONVERSION = YES;
				CLANG_WARN_INFINITE_RECURSION = YES;
				CLANG_WARN_INT_CONVERSION = YES;
				CLANG_WARN_NON_LITERAL_NULL_CONVERSION = YES;
				CLANG_WARN_OBJC_IMPLICIT_RETAIN_SELF = YES;
				CLANG_WARN_OBJC_LITERAL_CONVERSION = YES;
				CLANG_WARN_OBJC_ROOT_CLASS = YES_ERROR;
				CLANG_WARN_QUOTED_INCLUDE_IN_FRAMEWORK_HEADER = YES;
				CLANG_WARN_RANGE_LOOP_ANALYSIS = YES;
				CLANG_WARN_STRICT_PROTOTYPES = YES;
				CLANG_WARN_SUSPICIOUS_MOVE = YES;
				CLANG_WARN_UNGUARDED_AVAILABILITY = YES_AGGRESSIVE;
				CLANG_WARN_UNREACHABLE_CODE = YES;
				CLANG_WARN__DUPLICATE_METHOD_MATCH = YES;
				COPY_PHASE_STRIP = NO;
				DEBUG_INFORMATION_FORMAT = dwarf;
				ENABLE_STRICT_OBJC_MSGSEND = YES;
				ENABLE_TESTABILITY = YES;
				ENABLE_USER_SCRIPT_SANDBOXING = YES;
				GCC_C_LANGUAGE_STANDARD = gnu17;
				GCC_DYNAMIC_NO_PIC = NO;
				GCC_NO_COMMON_BLOCKS = YES;
				GCC_OPTIMIZATION_LEVEL = 0;
				GCC_PREPROCESSOR_DEFINITIONS = (
					"DEBUG=1",
					"$(inherited)",
				);
				GCC_WARN_64_TO_32_BIT_CONVERSION = YES;
				GCC_WARN_ABOUT_RETURN_TYPE = YES_ERROR;
				GCC_WARN_UNDECLARED_SELECTOR = YES;
				GCC_WARN_UNINITIALIZED_AUTOS = YES_AGGRESSIVE;
				GCC_WARN_UNUSED_FUNCTION = YES;
				GCC_WARN_UNUSED_VARIABLE = YES;
				IPHONEOS_DEPLOYMENT_TARGET = 18.0;
				LOCALIZATION_PREFERS_STRING_CATALOGS = YES;
				MTL_ENABLE_DEBUG_INFO = INCLUDE_SOURCE;
				MTL_FAST_MATH = YES;
				ONLY_ACTIVE_ARCH = YES;
				SDKROOT = iphoneos;
				SWIFT_ACTIVE_COMPILATION_CONDITIONS = "DEBUG $(inherited)";
				SWIFT_OPTIMIZATION_LEVEL = "-Onone";
			};
			name = Debug;
		};
		FDDA0A522CD7F16900B90453 /* Release */ = {
			isa = XCBuildConfiguration;
			buildSettings = {
				ALWAYS_SEARCH_USER_PATHS = NO;
				ASSETCATALOG_COMPILER_GENERATE_SWIFT_ASSET_SYMBOL_EXTENSIONS = YES;
				CLANG_ANALYZER_NONNULL = YES;
				CLANG_ANALYZER_NUMBER_OBJECT_CONVERSION = YES_AGGRESSIVE;
				CLANG_CXX_LANGUAGE_STANDARD = "gnu++20";
				CLANG_ENABLE_MODULES = YES;
				CLANG_ENABLE_OBJC_ARC = YES;
				CLANG_ENABLE_OBJC_WEAK = YES;
				CLANG_WARN_BLOCK_CAPTURE_AUTORELEASING = YES;
				CLANG_WARN_BOOL_CONVERSION = YES;
				CLANG_WARN_COMMA = YES;
				CLANG_WARN_CONSTANT_CONVERSION = YES;
				CLANG_WARN_DEPRECATED_OBJC_IMPLEMENTATIONS = YES;
				CLANG_WARN_DIRECT_OBJC_ISA_USAGE = YES_ERROR;
				CLANG_WARN_DOCUMENTATION_COMMENTS = YES;
				CLANG_WARN_EMPTY_BODY = YES;
				CLANG_WARN_ENUM_CONVERSION = YES;
				CLANG_WARN_INFINITE_RECURSION = YES;
				CLANG_WARN_INT_CONVERSION = YES;
				CLANG_WARN_NON_LITERAL_NULL_CONVERSION = YES;
				CLANG_WARN_OBJC_IMPLICIT_RETAIN_SELF = YES;
				CLANG_WARN_OBJC_LITERAL_CONVERSION = YES;
				CLANG_WARN_OBJC_ROOT_CLASS = YES_ERROR;
				CLANG_WARN_QUOTED_INCLUDE_IN_FRAMEWORK_HEADER = YES;
				CLANG_WARN_RANGE_LOOP_ANALYSIS = YES;
				CLANG_WARN_STRICT_PROTOTYPES = YES;
				CLANG_WARN_SUSPICIOUS_MOVE = YES;
				CLANG_WARN_UNGUARDED_AVAILABILITY = YES_AGGRESSIVE;
				CLANG_WARN_UNREACHABLE_CODE = YES;
				CLANG_WARN__DUPLICATE_METHOD_MATCH = YES;
				COPY_PHASE_STRIP = NO;
				DEBUG_INFORMATION_FORMAT = "dwarf-with-dsym";
				ENABLE_NS_ASSERTIONS = NO;
				ENABLE_STRICT_OBJC_MSGSEND = YES;
				ENABLE_USER_SCRIPT_SANDBOXING = YES;
				GCC_C_LANGUAGE_STANDARD = gnu17;
				GCC_NO_COMMON_BLOCKS = YES;
				GCC_WARN_64_TO_32_BIT_CONVERSION = YES;
				GCC_WARN_ABOUT_RETURN_TYPE = YES_ERROR;
				GCC_WARN_UNDECLARED_SELECTOR = YES;
				GCC_WARN_UNINITIALIZED_AUTOS = YES_AGGRESSIVE;
				GCC_WARN_UNUSED_FUNCTION = YES;
				GCC_WARN_UNUSED_VARIABLE = YES;
				IPHONEOS_DEPLOYMENT_TARGET = 18.0;
				LOCALIZATION_PREFERS_STRING_CATALOGS = YES;
				MTL_ENABLE_DEBUG_INFO = NO;
				MTL_FAST_MATH = YES;
				SDKROOT = iphoneos;
				SWIFT_COMPILATION_MODE = wholemodule;
				VALIDATE_PRODUCT = YES;
			};
			name = Release;
		};
		FDDA0A542CD7F16900B90453 /* Debug */ = {
			isa = XCBuildConfiguration;
			buildSettings = {
				ASSETCATALOG_COMPILER_APPICON_NAME = AppIcon;
				ASSETCATALOG_COMPILER_GLOBAL_ACCENT_COLOR_NAME = AccentColor;
				ASSETCATALOG_COMPILER_INCLUDE_ALL_APPICON_ASSETS = NO;
				CODE_SIGN_STYLE = Automatic;
				CURRENT_PROJECT_VERSION = 1;
				DEVELOPMENT_ASSET_PATHS = "\"cinematch/Resources/Preview Content\"";
				DEVELOPMENT_TEAM = V32344726W;
				ENABLE_PREVIEWS = YES;
				GENERATE_INFOPLIST_FILE = YES;
				INFOPLIST_FILE = cinematch/Resources/Info.plist;
				INFOPLIST_KEY_UIApplicationSceneManifest_Generation = YES;
				INFOPLIST_KEY_UIApplicationSupportsIndirectInputEvents = YES;
				INFOPLIST_KEY_UISupportedInterfaceOrientations_iPad = "UIInterfaceOrientationPortrait UIInterfaceOrientationPortraitUpsideDown UIInterfaceOrientationLandscapeLeft UIInterfaceOrientationLandscapeRight";
				INFOPLIST_KEY_UISupportedInterfaceOrientations_iPhone = "UIInterfaceOrientationPortrait UIInterfaceOrientationLandscapeLeft UIInterfaceOrientationLandscapeRight";
				LD_RUNPATH_SEARCH_PATHS = (
					"$(inherited)",
					"@executable_path/Frameworks",
				);
				MARKETING_VERSION = 1.0;
				PRODUCT_BUNDLE_IDENTIFIER = ngg.cinematch;
				PRODUCT_NAME = "$(TARGET_NAME)";
				SWIFT_EMIT_LOC_STRINGS = YES;
				SWIFT_VERSION = 5.0;
				TARGETED_DEVICE_FAMILY = "1,2";
			};
			name = Debug;
		};
		FDDA0A552CD7F16900B90453 /* Release */ = {
			isa = XCBuildConfiguration;
			buildSettings = {
				ASSETCATALOG_COMPILER_APPICON_NAME = AppIcon;
				ASSETCATALOG_COMPILER_GLOBAL_ACCENT_COLOR_NAME = AccentColor;
				ASSETCATALOG_COMPILER_INCLUDE_ALL_APPICON_ASSETS = NO;
				CODE_SIGN_STYLE = Automatic;
				CURRENT_PROJECT_VERSION = 1;
				DEVELOPMENT_ASSET_PATHS = "\"cinematch/Resources/Preview Content\"";
				DEVELOPMENT_TEAM = V32344726W;
				ENABLE_PREVIEWS = YES;
				GENERATE_INFOPLIST_FILE = YES;
				INFOPLIST_FILE = cinematch/Resources/Info.plist;
				INFOPLIST_KEY_UIApplicationSceneManifest_Generation = YES;
				INFOPLIST_KEY_UIApplicationSupportsIndirectInputEvents = YES;
				INFOPLIST_KEY_UISupportedInterfaceOrientations_iPad = "UIInterfaceOrientationPortrait UIInterfaceOrientationPortraitUpsideDown UIInterfaceOrientationLandscapeLeft UIInterfaceOrientationLandscapeRight";
				INFOPLIST_KEY_UISupportedInterfaceOrientations_iPhone = "UIInterfaceOrientationPortrait UIInterfaceOrientationLandscapeLeft UIInterfaceOrientationLandscapeRight";
				LD_RUNPATH_SEARCH_PATHS = (
					"$(inherited)",
					"@executable_path/Frameworks",
				);
				MARKETING_VERSION = 1.0;
				PRODUCT_BUNDLE_IDENTIFIER = ngg.cinematch;
				PRODUCT_NAME = "$(TARGET_NAME)";
				SWIFT_EMIT_LOC_STRINGS = YES;
				SWIFT_VERSION = 5.0;
				TARGETED_DEVICE_FAMILY = "1,2";
			};
			name = Release;
		};
/* End XCBuildConfiguration section */

/* Begin XCConfigurationList section */
		FDDA0A402CD7F16700B90453 /* Build configuration list for PBXProject "cinematch" */ = {
			isa = XCConfigurationList;
			buildConfigurations = (
				FDDA0A512CD7F16900B90453 /* Debug */,
				FDDA0A522CD7F16900B90453 /* Release */,
			);
			defaultConfigurationIsVisible = 0;
			defaultConfigurationName = Release;
		};
		FDDA0A532CD7F16900B90453 /* Build configuration list for PBXNativeTarget "cinematch" */ = {
			isa = XCConfigurationList;
			buildConfigurations = (
				FDDA0A542CD7F16900B90453 /* Debug */,
				FDDA0A552CD7F16900B90453 /* Release */,
			);
			defaultConfigurationIsVisible = 0;
			defaultConfigurationName = Release;
		};
/* End XCConfigurationList section */

/* Begin XCRemoteSwiftPackageReference section */
		FD10A5A52D9B50FE00AA9897 /* XCRemoteSwiftPackageReference "SkeletonView" */ = {
			isa = XCRemoteSwiftPackageReference;
			repositoryURL = "https://github.com/Juanpe/SkeletonView.git";
			requirement = {
				kind = upToNextMajorVersion;
				minimumVersion = 1.31.0;
			};
		};
		FDD3BF3B2D68C66A0073C3B3 /* XCRemoteSwiftPackageReference "firebase-ios-sdk" */ = {
			isa = XCRemoteSwiftPackageReference;
			repositoryURL = "https://github.com/firebase/firebase-ios-sdk";
			requirement = {
				kind = upToNextMajorVersion;
				minimumVersion = 11.8.1;
			};
		};
/* End XCRemoteSwiftPackageReference section */

/* Begin XCSwiftPackageProductDependency section */
		FD10A5A62D9B50FE00AA9897 /* SkeletonView */ = {
			isa = XCSwiftPackageProductDependency;
			package = FD10A5A52D9B50FE00AA9897 /* XCRemoteSwiftPackageReference "SkeletonView" */;
			productName = SkeletonView;
		};
		FDA1B35C2D8B0C03008DCE7A /* FirebaseDatabase */ = {
			isa = XCSwiftPackageProductDependency;
			package = FDD3BF3B2D68C66A0073C3B3 /* XCRemoteSwiftPackageReference "firebase-ios-sdk" */;
			productName = FirebaseDatabase;
		};
		FDD3BF3C2D68C66A0073C3B3 /* FirebaseAnalytics */ = {
			isa = XCSwiftPackageProductDependency;
			package = FDD3BF3B2D68C66A0073C3B3 /* XCRemoteSwiftPackageReference "firebase-ios-sdk" */;
			productName = FirebaseAnalytics;
		};
		FDD3BF3E2D68C66A0073C3B3 /* FirebaseAuth */ = {
			isa = XCSwiftPackageProductDependency;
			package = FDD3BF3B2D68C66A0073C3B3 /* XCRemoteSwiftPackageReference "firebase-ios-sdk" */;
			productName = FirebaseAuth;
		};
		FDD3BF402D68C66A0073C3B3 /* FirebaseCore */ = {
			isa = XCSwiftPackageProductDependency;
			package = FDD3BF3B2D68C66A0073C3B3 /* XCRemoteSwiftPackageReference "firebase-ios-sdk" */;
			productName = FirebaseCore;
		};
		FDD3BF422D68C66A0073C3B3 /* FirebaseFirestore */ = {
			isa = XCSwiftPackageProductDependency;
			package = FDD3BF3B2D68C66A0073C3B3 /* XCRemoteSwiftPackageReference "firebase-ios-sdk" */;
			productName = FirebaseFirestore;
		};
		FDD3BF442D68C66A0073C3B3 /* FirebaseStorage */ = {
			isa = XCSwiftPackageProductDependency;
			package = FDD3BF3B2D68C66A0073C3B3 /* XCRemoteSwiftPackageReference "firebase-ios-sdk" */;
			productName = FirebaseStorage;
		};
/* End XCSwiftPackageProductDependency section */
	};
	rootObject = FDDA0A3D2CD7F16700B90453 /* Project object */;
}
